
Microsoft Visual Studio Solution File, Format Version 12.00
# Visual Studio Version 17
VisualStudioVersion = 17.10.35004.147
MinimumVisualStudioVersion = 10.0.40219.1
Project("{FAE04EC0-301F-11D3-BF4B-00C04F79EFBC}") = "PirasyonelWebsite", "PirasyonelWebsite.csproj", "{F5CAA57A-2B39-40D1-A86A-AE5A073B0974}"
EndProject
Global
	GlobalSection(SolutionConfigurationPlatforms) = preSolution
		Debug|Any CPU = Debug|Any CPU
		Release|Any CPU = Release|Any CPU
	EndGlobalSection
	GlobalSection(ProjectConfigurationPlatforms) = postSolution
		{F5CAA57A-2B39-40D1-A86A-AE5A073B0974}.Debug|Any CPU.ActiveCfg = Debug|Any CPU
		{F5CAA57A-2B39-40D1-A86A-AE5A073B0974}.Debug|Any CPU.Build.0 = Debug|Any CPU
		{F5CAA57A-2B39-40D1-A86A-AE5A073B0974}.Release|Any CPU.ActiveCfg = Release|Any CPU
		{F5CAA57A-2B39-40D1-A86A-AE5A073B0974}.Release|Any CPU.Build.0 = Release|Any CPU
	EndGlobalSection
	GlobalSection(SolutionProperties) = preSolution
		HideSolutionNode = FALSE
	EndGlobalSection
	GlobalSection(ExtensibilityGlobals) = postSolution
		SolutionGuid = {6919419A-DDEA-4C65-9891-7C504955FBF1}
	EndGlobalSection
EndGlobal
